
Microsoft Visual Studio Solution File, Format Version 12.00
# Visual Studio 15
VisualStudioVersion = 15.0.28307.1300
MinimumVisualStudioVersion = 10.0.40219.1
Project("{FAE04EC0-301F-11D3-BF4B-00C04F79EFBC}") = "Projet2_Praya", "Projet2_Praya\Projet2_Praya.csproj", "{3C0ACF21-3CDC-4D7E-96FD-CB2C24F7B422}"
EndProject
Global
	GlobalSection(SolutionConfigurationPlatforms) = preSolution
		Debug|Any CPU = Debug|Any CPU
		Release|Any CPU = Release|Any CPU
	EndGlobalSection
	GlobalSection(ProjectConfigurationPlatforms) = postSolution
		{3C0ACF21-3CDC-4D7E-96FD-CB2C24F7B422}.Debug|Any CPU.ActiveCfg = Debug|Any CPU
		{3C0ACF21-3CDC-4D7E-96FD-CB2C24F7B422}.Debug|Any CPU.Build.0 = Debug|Any CPU
		{3C0ACF21-3CDC-4D7E-96FD-CB2C24F7B422}.Release|Any CPU.ActiveCfg = Release|Any CPU
		{3C0ACF21-3CDC-4D7E-96FD-CB2C24F7B422}.Release|Any CPU.Build.0 = Release|Any CPU
	EndGlobalSection
	GlobalSection(SolutionProperties) = preSolution
		HideSolutionNode = FALSE
	EndGlobalSection
	GlobalSection(ExtensibilityGlobals) = postSolution
		SolutionGuid = {5C9D4979-2B04-43C4-A069-0F29EC94DA32}
	EndGlobalSection
EndGlobal
